
Microsoft Visual Studio Solution File, Format Version 12.00
# Visual Studio 15
VisualStudioVersion = 15.0.28010.2026
MinimumVisualStudioVersion = 10.0.40219.1
Project("{F184B08F-C81C-45F6-A57F-5ABD9991F28F}") = "IPTVBDD", "IPTVBDD\IPTVBDD.vbproj", "{7FFFF598-2322-4488-9021-70B9A01A5285}"
EndProject
Global
	GlobalSection(Performance) = preSolution
		HasPerformanceSessions = true
	EndGlobalSection
	GlobalSection(SolutionConfigurationPlatforms) = preSolution
		Debug|Any CPU = Debug|Any CPU
		IPTVBDD_x64|Any CPU = IPTVBDD_x64|Any CPU
		Release|Any CPU = Release|Any CPU
	EndGlobalSection
	GlobalSection(ProjectConfigurationPlatforms) = postSolution
		{7FFFF598-2322-4488-9021-70B9A01A5285}.Debug|Any CPU.ActiveCfg = Debug|Any CPU
		{7FFFF598-2322-4488-9021-70B9A01A5285}.Debug|Any CPU.Build.0 = Debug|Any CPU
		{7FFFF598-2322-4488-9021-70B9A01A5285}.IPTVBDD_x64|Any CPU.ActiveCfg = IPTVBDD_x64|x64
		{7FFFF598-2322-4488-9021-70B9A01A5285}.IPTVBDD_x64|Any CPU.Build.0 = IPTVBDD_x64|x64
		{7FFFF598-2322-4488-9021-70B9A01A5285}.Release|Any CPU.ActiveCfg = Release|Any CPU
		{7FFFF598-2322-4488-9021-70B9A01A5285}.Release|Any CPU.Build.0 = Release|Any CPU
	EndGlobalSection
	GlobalSection(SolutionProperties) = preSolution
		HideSolutionNode = FALSE
	EndGlobalSection
	GlobalSection(ExtensibilityGlobals) = postSolution
		SolutionGuid = {5686C845-AC63-4299-ABCE-1AD5868497B2}
	EndGlobalSection
	GlobalSection(Performance) = preSolution
		HasPerformanceSessions = true
	EndGlobalSection
EndGlobal
